
Microsoft Visual Studio Solution File, Format Version 12.00
# Visual Studio 15
VisualStudioVersion = 15.0.26403.3
MinimumVisualStudioVersion = 10.0.40219.1
Project("{FAE04EC0-301F-11D3-BF4B-00C04F79EFBC}") = "SpeckyDesktop", "SpeckyDesktop\SpeckyDesktop.csproj", "{265098BB-2BB8-4CDE-A9C7-AFEC6D21E244}"
EndProject
Global
	GlobalSection(SolutionConfigurationPlatforms) = preSolution
		Debug|Any CPU = Debug|Any CPU
		Release|Any CPU = Release|Any CPU
	EndGlobalSection
	GlobalSection(ProjectConfigurationPlatforms) = postSolution
		{265098BB-2BB8-4CDE-A9C7-AFEC6D21E244}.Debug|Any CPU.ActiveCfg = Debug|Any CPU
		{265098BB-2BB8-4CDE-A9C7-AFEC6D21E244}.Debug|Any CPU.Build.0 = Debug|Any CPU
		{265098BB-2BB8-4CDE-A9C7-AFEC6D21E244}.Release|Any CPU.ActiveCfg = Release|Any CPU
		{265098BB-2BB8-4CDE-A9C7-AFEC6D21E244}.Release|Any CPU.Build.0 = Release|Any CPU
	EndGlobalSection
	GlobalSection(SolutionProperties) = preSolution
		HideSolutionNode = FALSE
	EndGlobalSection
EndGlobal
